
Microsoft Visual Studio Solution File, Format Version 12.00
# Visual Studio Version 16
VisualStudioVersion = 16.0.29123.88
MinimumVisualStudioVersion = 10.0.40219.1
Project("{888888A0-9F3D-457C-B088-3A5042F75D52}") = "spider_liepin", "Spider_liepin.pyproj", "{F1F9DC97-BBA8-48C2-81F0-2D427559086F}"
EndProject
Global
	GlobalSection(SolutionConfigurationPlatforms) = preSolution
		Debug|Any CPU = Debug|Any CPU
		Release|Any CPU = Release|Any CPU
	EndGlobalSection
	GlobalSection(ProjectConfigurationPlatforms) = postSolution
		{F1F9DC97-BBA8-48C2-81F0-2D427559086F}.Debug|Any CPU.ActiveCfg = Debug|Any CPU
		{F1F9DC97-BBA8-48C2-81F0-2D427559086F}.Release|Any CPU.ActiveCfg = Release|Any CPU
	EndGlobalSection
	GlobalSection(SolutionProperties) = preSolution
		HideSolutionNode = FALSE
	EndGlobalSection
	GlobalSection(ExtensibilityGlobals) = postSolution
		SolutionGuid = {103999AD-F077-4A61-A1A1-3ABF791BF6AF}
	EndGlobalSection
EndGlobal
